
Microsoft Visual Studio Solution File, Format Version 12.00
# Visual Studio Version 17
VisualStudioVersion = 17.3.32922.545
MinimumVisualStudioVersion = 10.0.40219.1
Project("{9A19103F-16F7-4668-BE54-9A1E7A4F7556}") = "MotivHealthChallenge", "MotivHealthChallenge\MotivHealthChallenge.csproj", "{3F177647-7F31-4A23-8D7D-0ED6C3AF01E9}"
EndProject
Project("{FAE04EC0-301F-11D3-BF4B-00C04F79EFBC}") = "FavoriteAPI.Tests", "FavoriteAPI.Tests\FavoriteAPI.Tests.csproj", "{12726BA6-8443-4D4C-AEC2-7D17C5A6C938}"
EndProject
Global
	GlobalSection(SolutionConfigurationPlatforms) = preSolution
		Debug|Any CPU = Debug|Any CPU
		Release|Any CPU = Release|Any CPU
	EndGlobalSection
	GlobalSection(ProjectConfigurationPlatforms) = postSolution
		{3F177647-7F31-4A23-8D7D-0ED6C3AF01E9}.Debug|Any CPU.ActiveCfg = Debug|Any CPU
		{3F177647-7F31-4A23-8D7D-0ED6C3AF01E9}.Debug|Any CPU.Build.0 = Debug|Any CPU
		{3F177647-7F31-4A23-8D7D-0ED6C3AF01E9}.Release|Any CPU.ActiveCfg = Release|Any CPU
		{3F177647-7F31-4A23-8D7D-0ED6C3AF01E9}.Release|Any CPU.Build.0 = Release|Any CPU
		{12726BA6-8443-4D4C-AEC2-7D17C5A6C938}.Debug|Any CPU.ActiveCfg = Debug|Any CPU
		{12726BA6-8443-4D4C-AEC2-7D17C5A6C938}.Debug|Any CPU.Build.0 = Debug|Any CPU
		{12726BA6-8443-4D4C-AEC2-7D17C5A6C938}.Release|Any CPU.ActiveCfg = Release|Any CPU
		{12726BA6-8443-4D4C-AEC2-7D17C5A6C938}.Release|Any CPU.Build.0 = Release|Any CPU
	EndGlobalSection
	GlobalSection(SolutionProperties) = preSolution
		HideSolutionNode = FALSE
	EndGlobalSection
	GlobalSection(ExtensibilityGlobals) = postSolution
		SolutionGuid = {BC2C4C46-5353-4E48-955A-64FFA28B1EC7}
	EndGlobalSection
EndGlobal
